
Microsoft Visual Studio Solution File, Format Version 12.00
# Visual Studio Version 16
VisualStudioVersion = 16.0.36107.64
MinimumVisualStudioVersion = 10.0.40219.1
Project("{FAE04EC0-301F-11D3-BF4B-00C04F79EFBC}") = "DailyReport", "DailyReport\DailyReport.csproj", "{99164FCA-710F-4B19-BCE1-871D46B67ECE}"
EndProject
Global
	GlobalSection(SolutionConfigurationPlatforms) = preSolution
		Debug|Any CPU = Debug|Any CPU
		Release|Any CPU = Release|Any CPU
	EndGlobalSection
	GlobalSection(ProjectConfigurationPlatforms) = postSolution
		{99164FCA-710F-4B19-BCE1-871D46B67ECE}.Debug|Any CPU.ActiveCfg = Debug|Any CPU
		{99164FCA-710F-4B19-BCE1-871D46B67ECE}.Debug|Any CPU.Build.0 = Debug|Any CPU
		{99164FCA-710F-4B19-BCE1-871D46B67ECE}.Release|Any CPU.ActiveCfg = Release|Any CPU
		{99164FCA-710F-4B19-BCE1-871D46B67ECE}.Release|Any CPU.Build.0 = Release|Any CPU
	EndGlobalSection
	GlobalSection(SolutionProperties) = preSolution
		HideSolutionNode = FALSE
	EndGlobalSection
	GlobalSection(ExtensibilityGlobals) = postSolution
		SolutionGuid = {4C8E516B-CBA2-44E6-A78F-067A45AC1351}
	EndGlobalSection
EndGlobal
