
Microsoft Visual Studio Solution File, Format Version 12.00
# Visual Studio Version 17
VisualStudioVersion = 17.14.36202.13 d17.14
MinimumVisualStudioVersion = 10.0.40219.1
Project("{FAE04EC0-301F-11D3-BF4B-00C04F79EFBC}") = "FinalAssignment", "FinalAssignment\FinalAssignment.csproj", "{55098A54-0BB5-D0D9-C6F7-5C59D6AA87E4}"
EndProject
Global
	GlobalSection(SolutionConfigurationPlatforms) = preSolution
		Debug|Any CPU = Debug|Any CPU
		Release|Any CPU = Release|Any CPU
	EndGlobalSection
	GlobalSection(ProjectConfigurationPlatforms) = postSolution
		{55098A54-0BB5-D0D9-C6F7-5C59D6AA87E4}.Debug|Any CPU.ActiveCfg = Debug|Any CPU
		{55098A54-0BB5-D0D9-C6F7-5C59D6AA87E4}.Debug|Any CPU.Build.0 = Debug|Any CPU
		{55098A54-0BB5-D0D9-C6F7-5C59D6AA87E4}.Release|Any CPU.ActiveCfg = Release|Any CPU
		{55098A54-0BB5-D0D9-C6F7-5C59D6AA87E4}.Release|Any CPU.Build.0 = Release|Any CPU
	EndGlobalSection
	GlobalSection(SolutionProperties) = preSolution
		HideSolutionNode = FALSE
	EndGlobalSection
	GlobalSection(ExtensibilityGlobals) = postSolution
		SolutionGuid = {22A27505-3F51-49BD-A91D-F4E930B9B3A4}
	EndGlobalSection
EndGlobal
