
Microsoft Visual Studio Solution File, Format Version 12.00
# Visual Studio Version 16
VisualStudioVersion = 16.0.36107.64
MinimumVisualStudioVersion = 10.0.40219.1
Project("{FAE04EC0-301F-11D3-BF4B-00C04F79EFBC}") = "TwentyOne", "TwentyOne\TwentyOne.csproj", "{542CCCB2-9004-476D-948D-689DBC9446BC}"
EndProject
Global
	GlobalSection(SolutionConfigurationPlatforms) = preSolution
		Debug|Any CPU = Debug|Any CPU
		Release|Any CPU = Release|Any CPU
	EndGlobalSection
	GlobalSection(ProjectConfigurationPlatforms) = postSolution
		{542CCCB2-9004-476D-948D-689DBC9446BC}.Debug|Any CPU.ActiveCfg = Debug|Any CPU
		{542CCCB2-9004-476D-948D-689DBC9446BC}.Debug|Any CPU.Build.0 = Debug|Any CPU
		{542CCCB2-9004-476D-948D-689DBC9446BC}.Release|Any CPU.ActiveCfg = Release|Any CPU
		{542CCCB2-9004-476D-948D-689DBC9446BC}.Release|Any CPU.Build.0 = Release|Any CPU
	EndGlobalSection
	GlobalSection(SolutionProperties) = preSolution
		HideSolutionNode = FALSE
	EndGlobalSection
	GlobalSection(ExtensibilityGlobals) = postSolution
		SolutionGuid = {F6C2AC25-94E6-4763-BFB7-C9D2F180CD99}
	EndGlobalSection
EndGlobal
