
Microsoft Visual Studio Solution File, Format Version 12.00
# Visual Studio Version 16
VisualStudioVersion = 16.0.36107.64
MinimumVisualStudioVersion = 10.0.40219.1
Project("{FAE04EC0-301F-11D3-BF4B-00C04F79EFBC}") = "MethodClassAssignement", "MethodClassAssignement\MethodClassAssignement.csproj", "{2BBF133B-7DDC-42FF-8F8D-1935469510BA}"
EndProject
Global
	GlobalSection(SolutionConfigurationPlatforms) = preSolution
		Debug|Any CPU = Debug|Any CPU
		Release|Any CPU = Release|Any CPU
	EndGlobalSection
	GlobalSection(ProjectConfigurationPlatforms) = postSolution
		{2BBF133B-7DDC-42FF-8F8D-1935469510BA}.Debug|Any CPU.ActiveCfg = Debug|Any CPU
		{2BBF133B-7DDC-42FF-8F8D-1935469510BA}.Debug|Any CPU.Build.0 = Debug|Any CPU
		{2BBF133B-7DDC-42FF-8F8D-1935469510BA}.Release|Any CPU.ActiveCfg = Release|Any CPU
		{2BBF133B-7DDC-42FF-8F8D-1935469510BA}.Release|Any CPU.Build.0 = Release|Any CPU
	EndGlobalSection
	GlobalSection(SolutionProperties) = preSolution
		HideSolutionNode = FALSE
	EndGlobalSection
	GlobalSection(ExtensibilityGlobals) = postSolution
		SolutionGuid = {25E640A0-9C9A-4A07-A906-DDC3F2A9BD94}
	EndGlobalSection
EndGlobal
